lockfileVersion: '9.0'

settings:
  autoInstallPeers: true
  excludeLinksFromLockfile: false

importers:

  .:
    dependencies:
      prql-js:
        specifier: ^0.12.1
        version: 0.12.1

packages:

  prql-js@0.12.1:
    resolution: {integrity: sha512-YfhOkqi5G2Z8LW1pn5SVrC9icUA0Wgdxap5Z2AYIr+SwBakRz4M6SURVhr5rEMMQYjDtSYjSORNXcGcghOGzNQ==}

snapshots:

  prql-js@0.12.1: {}
